// !$*UTF8*$!
{
	archiveVersion = 1;
	classes = {
	};
	objectVersion = 46;
	objects = {

/* Begin PBXBuildFile section */
		CA941D0C16D4A4EF0055AA8D /* UIKit.framework in Frameworks */ = {isa = PBXBuildFile; fileRef = CA941D0B16D4A4EF0055AA8D /* UIKit.framework */; };
		CA941D0E16D4A4EF0055AA8D /* Foundation.framework in Frameworks */ = {isa = PBXBuildFile; fileRef = CA941D0D16D4A4EF0055AA8D /* Foundation.framework */; };
		CA941D1016D4A4EF0055AA8D /* CoreGraphics.framework in Frameworks */ = {isa = PBXBuildFile; fileRef = CA941D0F16D4A4EF0055AA8D /* CoreGraphics.framework */; };
		CA941D1616D4A4EF0055AA8D /* InfoPlist.strings in Resources */ = {isa = PBXBuildFile; fileRef = CA941D1416D4A4EF0055AA8D /* InfoPlist.strings */; };
		CA941D1816D4A4EF0055AA8D /* main.m in Sources */ = {isa = PBXBuildFile; fileRef = CA941D1716D4A4EF0055AA8D /* main.m */; };
		CA941D1C16D4A4EF0055AA8D /* AppDelegate.m in Sources */ = {isa = PBXBuildFile; fileRef = CA941D1B16D4A4EF0055AA8D /* AppDelegate.m */; };
		CA941D1E16D4A4EF0055AA8D /* Default.png in Resources */ = {isa = PBXBuildFile; fileRef = CA941D1D16D4A4EF0055AA8D /* Default.png */; };
		CA941D2016D4A4EF0055AA8D /* Default@2x.png in Resources */ = {isa = PBXBuildFile; fileRef = CA941D1F16D4A4EF0055AA8D /* Default@2x.png */; };
		CA941D2216D4A4EF0055AA8D /* Default-568h@2x.png in Resources */ = {isa = PBXBuildFile; fileRef = CA941D2116D4A4EF0055AA8D /* Default-568h@2x.png */; };
		CA941D2516D4A4EF0055AA8D /* ViewController.m in Sources */ = {isa = PBXBuildFile; fileRef = CA941D2416D4A4EF0055AA8D /* ViewController.m */; };
		CA941D2816D4A4EF0055AA8D /* ViewController.xib in Resources */ = {isa = PBXBuildFile; fileRef = CA941D2616D4A4EF0055AA8D /* ViewController.xib */; };
/* End PBXBuildFile section */

/* Begin PBXFileReference section */
		CA941D0716D4A4EF0055AA8D /* newscrollview.app */ = {isa = PBXFileReference; explicitFileType = wrapper.application; includeInIndex = 0; path = newscrollview.app; sourceTree = BUILT_PRODUCTS_DIR; };
		CA941D0B16D4A4EF0055AA8D /* UIKit.framework */ = {isa = PBXFileReference; lastKnownFileType = wrapper.framework; name = UIKit.framework; path = System/Library/Frameworks/UIKit.framework; sourceTree = SDKROOT; };
		CA941D0D16D4A4EF0055AA8D /* Foundation.framework */ = {isa = PBXFileReference; lastKnownFileType = wrapper.framework; name = Foundation.framework; path = System/Library/Frameworks/Foundation.framework; sourceTree = SDKROOT; };
		CA941D0F16D4A4EF0055AA8D /* CoreGraphics.framework */ = {isa = PBXFileReference; lastKnownFileType = wrapper.framework; name = CoreGraphics.framework; path = System/Library/Frameworks/CoreGraphics.framework; sourceTree = SDKROOT; };
		CA941D1316D4A4EF0055AA8D /* newscrollview-Info.plist */ = {isa = PBXFileReference; lastKnownFileType = text.plist.xml; path = "newscrollview-Info.plist"; sourceTree = "<group>"; };
		CA941D1516D4A4EF0055AA8D /* en */ = {isa = PBXFileReference; lastKnownFileType = text.plist.strings; name = en; path = en.lproj/InfoPlist.strings; sourceTree = "<group>"; };
		CA941D1716D4A4EF0055AA8D /* main.m */ = {isa = PBXFileReference; lastKnownFileType = sourcecode.c.objc; path = main.m; sourceTree = "<group>"; };
		CA941D1916D4A4EF0055AA8D /* newscrollview-Prefix.pch */ = {isa = PBXFileReference; lastKnownFileType = sourcecode.c.h; path = "newscrollview-Prefix.pch"; sourceTree = "<group>"; };
		CA941D1A16D4A4EF0055AA8D /* AppDelegate.h */ = {isa = PBXFileReference; lastKnownFileType = sourcecode.c.h; path = AppDelegate.h; sourceTree = "<group>"; };
		CA941D1B16D4A4EF0055AA8D /* AppDelegate.m */ = {isa = PBXFileReference; lastKnownFileType = sourcecode.c.objc; path = AppDelegate.m; sourceTree = "<group>"; };
		CA941D1D16D4A4EF0055AA8D /* Default.png */ = {isa = PBXFileReference; lastKnownFileType = image.png; path = Default.png; sourceTree = "<group>"; };
		CA941D1F16D4A4EF0055AA8D /* Default@2x.png */ = {isa = PBXFileReference; lastKnownFileType = image.png; path = "Default@2x.png"; sourceTree = "<group>"; };
		CA941D2116D4A4EF0055AA8D /* Default-568h@2x.png */ = {isa = PBXFileReference; lastKnownFileType = image.png; path = "Default-568h@2x.png"; sourceTree = "<group>"; };
		CA941D2316D4A4EF0055AA8D /* ViewController.h */ = {isa = PBXFileReference; lastKnownFileType = sourcecode.c.h; path = ViewController.h; sourceTree = "<group>"; };
		CA941D2416D4A4EF0055AA8D /* ViewController.m */ = {isa = PBXFileReference; lastKnownFileType = sourcecode.c.objc; path = ViewController.m; sourceTree = "<group>"; };
		CA941D2716D4A4EF0055AA8D /* en */ = {isa = PBXFileReference; lastKnownFileType = file.xib; name = en; path = en.lproj/ViewController.xib; sourceTree = "<group>"; };
/* End PBXFileReference section */

/* Begin PBXFrameworksBuildPhase section */
		CA941D0416D4A4EF0055AA8D /* Frameworks */ = {
			isa = PBXFrameworksBuildPhase;
			buildActionMask = 2147483647;
			files = (
				CA941D0C16D4A4EF0055AA8D /* UIKit.framework in Frameworks */,
				CA941D0E16D4A4EF0055AA8D /* Foundation.framework in Frameworks */,
				CA941D1016D4A4EF0055AA8D /* CoreGraphics.framework in Frameworks */,
			);
			runOnlyForDeploymentPostprocessing = 0;
		};
/* End PBXFrameworksBuildPhase section */

/* Begin PBXGroup section */
		CA941CFC16D4A4EF0055AA8D = {
			isa = PBXGroup;
			children = (
				CA941D1116D4A4EF0055AA8D /* newscrollview */,
				CA941D0A16D4A4EF0055AA8D /* Frameworks */,
				CA941D0816D4A4EF0055AA8D /* Products */,
			);
			sourceTree = "<group>";
		};
		CA941D0816D4A4EF0055AA8D /* Products */ = {
			isa = PBXGroup;
			children = (
				CA941D0716D4A4EF0055AA8D /* newscrollview.app */,
			);
			name = Products;
			sourceTree = "<group>";
		};
		CA941D0A16D4A4EF0055AA8D /* Frameworks */ = {
			isa = PBXGroup;
			children = (
				CA941D0B16D4A4EF0055AA8D /* UIKit.framework */,
				CA941D0D16D4A4EF0055AA8D /* Foundation.framework */,
				CA941D0F16D4A4EF0055AA8D /* CoreGraphics.framework */,
			);
			name = Frameworks;
			sourceTree = "<group>";
		};
		CA941D1116D4A4EF0055AA8D /* newscrollview */ = {
			isa = PBXGroup;
			children = (
				CA941D1A16D4A4EF0055AA8D /* AppDelegate.h */,
				CA941D1B16D4A4EF0055AA8D /* AppDelegate.m */,
				CA941D2316D4A4EF0055AA8D /* ViewController.h */,
				CA941D2416D4A4EF0055AA8D /* ViewController.m */,
				CA941D2616D4A4EF0055AA8D /* ViewController.xib */,
				CA941D1216D4A4EF0055AA8D /* Supporting Files */,
			);
			path = newscrollview;
			sourceTree = "<group>";
		};
		CA941D1216D4A4EF0055AA8D /* Supporting Files */ = {
			isa = PBXGroup;
			children = (
				CA941D1316D4A4EF0055AA8D /* newscrollview-Info.plist */,
				CA941D1416D4A4EF0055AA8D /* InfoPlist.strings */,
				CA941D1716D4A4EF0055AA8D /* main.m */,
				CA941D1916D4A4EF0055AA8D /* newscrollview-Prefix.pch */,
				CA941D1D16D4A4EF0055AA8D /* Default.png */,
				CA941D1F16D4A4EF0055AA8D /* Default@2x.png */,
				CA941D2116D4A4EF0055AA8D /* Default-568h@2x.png */,
			);
			name = "Supporting Files";
			sourceTree = "<group>";
		};
/* End PBXGroup section */

/* Begin PBXNativeTarget section */
		CA941D0616D4A4EF0055AA8D /* newscrollview */ = {
			isa = PBXNativeTarget;
			buildConfigurationList = CA941D2B16D4A4EF0055AA8D /* Build configuration list for PBXNativeTarget "newscrollview" */;
			buildPhases = (
				CA941D0316D4A4EF0055AA8D /* Sources */,
				CA941D0416D4A4EF0055AA8D /* Frameworks */,
				CA941D0516D4A4EF0055AA8D /* Resources */,
			);
			buildRules = (
			);
			dependencies = (
			);
			name = newscrollview;
			productName = newscrollview;
			productReference = CA941D0716D4A4EF0055AA8D /* newscrollview.app */;
			productType = "com.apple.product-type.application";
		};
/* End PBXNativeTarget section */

/* Begin PBXProject section */
		CA941CFE16D4A4EF0055AA8D /* Project object */ = {
			isa = PBXProject;
			attributes = {
				LastUpgradeCheck = 0450;
			};
			buildConfigurationList = CA941D0116D4A4EF0055AA8D /* Build configuration list for PBXProject "newscrollview" */;
			compatibilityVersion = "Xcode 3.2";
			developmentRegion = English;
			hasScannedForEncodings = 0;
			knownRegions = (
				en,
			);
			mainGroup = CA941CFC16D4A4EF0055AA8D;
			productRefGroup = CA941D0816D4A4EF0055AA8D /* Products */;
			projectDirPath = "";
			projectRoot = "";
			targets = (
				CA941D0616D4A4EF0055AA8D /* newscrollview */,
			);
		};
/* End PBXProject section */

/* Begin PBXResourcesBuildPhase section */
		CA941D0516D4A4EF0055AA8D /* Resources */ = {
			isa = PBXResourcesBuildPhase;
			buildActionMask = 2147483647;
			files = (
				CA941D1616D4A4EF0055AA8D /* InfoPlist.strings in Resources */,
				CA941D1E16D4A4EF0055AA8D /* Default.png in Resources */,
				CA941D2016D4A4EF0055AA8D /* Default@2x.png in Resources */,
				CA941D2216D4A4EF0055AA8D /* Default-568h@2x.png in Resources */,
				CA941D2816D4A4EF0055AA8D /* ViewController.xib in Resources */,
			);
			runOnlyForDeploymentPostprocessing = 0;
		};
/* End PBXResourcesBuildPhase section */

/* Begin PBXSourcesBuildPhase section */
		CA941D0316D4A4EF0055AA8D /* Sources */ = {
			isa = PBXSourcesBuildPhase;
			buildActionMask = 2147483647;
			files = (
				CA941D1816D4A4EF0055AA8D /* main.m in Sources */,
				CA941D1C16D4A4EF0055AA8D /* AppDelegate.m in Sources */,
				CA941D2516D4A4EF0055AA8D /* ViewController.m in Sources */,
			);
			runOnlyForDeploymentPostprocessing = 0;
		};
/* End PBXSourcesBuildPhase section */

/* Begin PBXVariantGroup section */
		CA941D1416D4A4EF0055AA8D /* InfoPlist.strings */ = {
			isa = PBXVariantGroup;
			children = (
				CA941D1516D4A4EF0055AA8D /* en */,
			);
			name = InfoPlist.strings;
			sourceTree = "<group>";
		};
		CA941D2616D4A4EF0055AA8D /* ViewController.xib */ = {
			isa = PBXVariantGroup;
			children = (
				CA941D2716D4A4EF0055AA8D /* en */,
			);
			name = ViewController.xib;
			sourceTree = "<group>";
		};
/* End PBXVariantGroup section */

/* Begin XCBuildConfiguration section */
		CA941D2916D4A4EF0055AA8D /* Debug */ = {
			isa = XCBuildConfiguration;
			buildSettings = {
				ALWAYS_SEARCH_USER_PATHS = NO;
				CLANG_CXX_LANGUAGE_STANDARD = "gnu++0x";
				CLANG_CXX_LIBRARY = "libc++";
				CLANG_WARN_EMPTY_BODY = YES;
				CLANG_WARN__DUPLICATE_METHOD_MATCH = YES;
				"CODE_SIGN_IDENTITY[sdk=iphoneos*]" = "iPhone Developer";
				COPY_PHASE_STRIP = NO;
				GCC_C_LANGUAGE_STANDARD = gnu99;
				GCC_DYNAMIC_NO_PIC = NO;
				GCC_OPTIMIZATION_LEVEL = 0;
				GCC_PREPROCESSOR_DEFINITIONS = (
					"DEBUG=1",
					"$(inherited)",
				);
				GCC_SYMBOLS_PRIVATE_EXTERN = NO;
				GCC_WARN_ABOUT_RETURN_TYPE = YES;
				GCC_WARN_UNINITIALIZED_AUTOS = YES;
				GCC_WARN_UNUSED_VARIABLE = YES;
				IPHONEOS_DEPLOYMENT_TARGET = 6.0;
				ONLY_ACTIVE_ARCH = YES;
				SDKROOT = iphoneos;
				TARGETED_DEVICE_FAMILY = 2;
			};
			name = Debug;
		};
		CA941D2A16D4A4EF0055AA8D /* Release */ = {
			isa = XCBuildConfiguration;
			buildSettings = {
				ALWAYS_SEARCH_USER_PATHS = NO;
				CLANG_CXX_LANGUAGE_STANDARD = "gnu++0x";
				CLANG_CXX_LIBRARY = "libc++";
				CLANG_WARN_EMPTY_BODY = YES;
				CLANG_WARN__DUPLICATE_METHOD_MATCH = YES;
				"CODE_SIGN_IDENTITY[sdk=iphoneos*]" = "iPhone Developer";
				COPY_PHASE_STRIP = YES;
				GCC_C_LANGUAGE_STANDARD = gnu99;
				GCC_WARN_ABOUT_RETURN_TYPE = YES;
				GCC_WARN_UNINITIALIZED_AUTOS = YES;
				GCC_WARN_UNUSED_VARIABLE = YES;
				IPHONEOS_DEPLOYMENT_TARGET = 6.0;
				OTHER_CFLAGS = "-DNS_BLOCK_ASSERTIONS=1";
				SDKROOT = iphoneos;
				TARGETED_DEVICE_FAMILY = 2;
				VALIDATE_PRODUCT = YES;
			};
			name = Release;
		};
		CA941D2C16D4A4EF0055AA8D /* Debug */ = {
			isa = XCBuildConfiguration;
			buildSettings = {
				GCC_PRECOMPILE_PREFIX_HEADER = YES;
				GCC_PREFIX_HEADER = "newscrollview/newscrollview-Prefix.pch";
				INFOPLIST_FILE = "newscrollview/newscrollview-Info.plist";
				PRODUCT_NAME = "$(TARGET_NAME)";
				WRAPPER_EXTENSION = app;
			};
			name = Debug;
		};
		CA941D2D16D4A4EF0055AA8D /* Release */ = {
			isa = XCBuildConfiguration;
			buildSettings = {
				GCC_PRECOMPILE_PREFIX_HEADER = YES;
				GCC_PREFIX_HEADER = "newscrollview/newscrollview-Prefix.pch";
				INFOPLIST_FILE = "newscrollview/newscrollview-Info.plist";
				PRODUCT_NAME = "$(TARGET_NAME)";
				WRAPPER_EXTENSION = app;
			};
			name = Release;
		};
/* End XCBuildConfiguration section */

/* Begin XCConfigurationList section */
		CA941D0116D4A4EF0055AA8D /* Build configuration list for PBXProject "newscrollview" */ = {
			isa = XCConfigurationList;
			buildConfigurations = (
				CA941D2916D4A4EF0055AA8D /* Debug */,
				CA941D2A16D4A4EF0055AA8D /* Release */,
			);
			defaultConfigurationIsVisible = 0;
			defaultConfigurationName = Release;
		};
		CA941D2B16D4A4EF0055AA8D /* Build configuration list for PBXNativeTarget "newscrollview" */ = {
			isa = XCConfigurationList;
			buildConfigurations = (
				CA941D2C16D4A4EF0055AA8D /* Debug */,
				CA941D2D16D4A4EF0055AA8D /* Release */,
			);
			defaultConfigurationIsVisible = 0;
		};
/* End XCConfigurationList section */
	};
	rootObject = CA941CFE16D4A4EF0055AA8D /* Project object */;
}
